
Microsoft Visual Studio Solution File, Format Version 12.00
# Visual Studio 2013
VisualStudioVersion = 12.0.21005.1
MinimumVisualStudioVersion = 10.0.40219.1
Project("{FAE04EC0-301F-11D3-BF4B-00C04F79EFBC}") = "MapsTest4", "MapsTest4\MapsTest4.csproj", "{BDBF2255-6D71-4657-A772-4DA153A9A3CD}"
EndProject
Global
	GlobalSection(CodealikeProperties) = postSolution
		SolutionGuid = 87db48ce-bc5e-4abd-b6e2-1edb612e4e31
	EndGlobalSection
	GlobalSection(SolutionConfigurationPlatforms) = preSolution
		Debug|Any CPU = Debug|Any CPU
		Release|Any CPU = Release|Any CPU
	EndGlobalSection
	GlobalSection(ProjectConfigurationPlatforms) = postSolution
		{BDBF2255-6D71-4657-A772-4DA153A9A3CD}.Debug|Any CPU.ActiveCfg = Debug|Any CPU
		{BDBF2255-6D71-4657-A772-4DA153A9A3CD}.Debug|Any CPU.Build.0 = Debug|Any CPU
		{BDBF2255-6D71-4657-A772-4DA153A9A3CD}.Release|Any CPU.ActiveCfg = Release|Any CPU
		{BDBF2255-6D71-4657-A772-4DA153A9A3CD}.Release|Any CPU.Build.0 = Release|Any CPU
	EndGlobalSection
	GlobalSection(SolutionProperties) = preSolution
		HideSolutionNode = FALSE
	EndGlobalSection
EndGlobal
